
Microsoft Visual Studio Solution File, Format Version 12.00
# Visual Studio Version 17
VisualStudioVersion = 17.1.32210.238
MinimumVisualStudioVersion = 10.0.40219.1
Project("{FAE04EC0-301F-11D3-BF4B-00C04F79EFBC}") = "Quan_Ly_Xe", "Quan_Ly_Xe\Quan_Ly_Xe.csproj", "{36E9EDC1-7D68-4027-9A24-E35E6BCFBDC2}"
EndProject
Global
	GlobalSection(SolutionConfigurationPlatforms) = preSolution
		Debug|Any CPU = Debug|Any CPU
		Release|Any CPU = Release|Any CPU
	EndGlobalSection
	GlobalSection(ProjectConfigurationPlatforms) = postSolution
		{36E9EDC1-7D68-4027-9A24-E35E6BCFBDC2}.Debug|Any CPU.ActiveCfg = Debug|Any CPU
		{36E9EDC1-7D68-4027-9A24-E35E6BCFBDC2}.Debug|Any CPU.Build.0 = Debug|Any CPU
		{36E9EDC1-7D68-4027-9A24-E35E6BCFBDC2}.Release|Any CPU.ActiveCfg = Release|Any CPU
		{36E9EDC1-7D68-4027-9A24-E35E6BCFBDC2}.Release|Any CPU.Build.0 = Release|Any CPU
	EndGlobalSection
	GlobalSection(SolutionProperties) = preSolution
		HideSolutionNode = FALSE
	EndGlobalSection
	GlobalSection(ExtensibilityGlobals) = postSolution
		SolutionGuid = {E4A5858D-2A66-451C-9ACD-DB504CD3C7C4}
	EndGlobalSection
EndGlobal
